{
	"name": "ec-relate-bloks",
	"version": "0.1.0",
	"lockfileVersion": 3,
	"requires": true,
	"packages": {
		"": {
			"name": "ec-relate-bloks",
			"version": "0.1.0",
			"license": "GPL-2.0-or-later"
		},
		"../../../../../../itmar-block-packages": {
			"version": "1.9.0",
			"extraneous": true,
			"license": "MIT",
			"dependencies": {
				"@wordpress/icons": "^9.47.0",
				"lodash": "^4.17.21",
				"react-select": "^5.8.0",
				"styled-components": "^6.1.8"
			},
			"devDependencies": {
				"@wordpress/scripts": "^27.6.0"
			}
		}
	}
}
